
Microsoft Visual Studio Solution File, Format Version 12.00
# Visual Studio Version 16
VisualStudioVersion = 16.0.32002.261
MinimumVisualStudioVersion = 10.0.40219.1
Project("{8BC9CEB8-8B4A-11D0-8D11-00A0C91BC942}") = "piskorky", "piskorky\piskorky.vcxproj", "{F6D71E6F-DE7E-4F8C-98DF-EB65943634BD}"
EndProject
Global
	GlobalSection(SolutionConfigurationPlatforms) = preSolution
		Debug|x64 = Debug|x64
		Debug|x86 = Debug|x86
		Release|x64 = Release|x64
		Release|x86 = Release|x86
	EndGlobalSection
	GlobalSection(ProjectConfigurationPlatforms) = postSolution
		{F6D71E6F-DE7E-4F8C-98DF-EB65943634BD}.Debug|x64.ActiveCfg = Debug|x64
		{F6D71E6F-DE7E-4F8C-98DF-EB65943634BD}.Debug|x64.Build.0 = Debug|x64
		{F6D71E6F-DE7E-4F8C-98DF-EB65943634BD}.Debug|x86.ActiveCfg = Debug|Win32
		{F6D71E6F-DE7E-4F8C-98DF-EB65943634BD}.Debug|x86.Build.0 = Debug|Win32
		{F6D71E6F-DE7E-4F8C-98DF-EB65943634BD}.Release|x64.ActiveCfg = Release|x64
		{F6D71E6F-DE7E-4F8C-98DF-EB65943634BD}.Release|x64.Build.0 = Release|x64
		{F6D71E6F-DE7E-4F8C-98DF-EB65943634BD}.Release|x86.ActiveCfg = Release|Win32
		{F6D71E6F-DE7E-4F8C-98DF-EB65943634BD}.Release|x86.Build.0 = Release|Win32
	EndGlobalSection
	GlobalSection(SolutionProperties) = preSolution
		HideSolutionNode = FALSE
	EndGlobalSection
	GlobalSection(ExtensibilityGlobals) = postSolution
		SolutionGuid = {CC10EFB1-709D-472A-9065-03D5020E8556}
	EndGlobalSection
EndGlobal
